
Microsoft Visual Studio Solution File, Format Version 12.00
# Visual Studio 15
VisualStudioVersion = 15.0.27703.1
MinimumVisualStudioVersion = 10.0.40219.1
Project("{FAE04EC0-301F-11D3-BF4B-00C04F79EFBC}") = "Warp.csharp.TestApp.PubsubSubscriber", "Warp.Wrappers.csharp.TestApp.PubsubSubscriber\Warp.csharp.TestApp.PubsubSubscriber.csproj", "{D6761020-8AA6-47A1-A0BC-832CD40F18B0}"
EndProject
Project("{FAE04EC0-301F-11D3-BF4B-00C04F79EFBC}") = "Warp.csharp.TestApp.PubsubSender", "Warp.csharp.TestApp.PubsubSender\Warp.csharp.TestApp.PubsubSender.csproj", "{143AE23B-3705-439A-B60D-E99127F07B77}"
EndProject
Project("{FAE04EC0-301F-11D3-BF4B-00C04F79EFBC}") = "Warp.csharp.TestApp.Common", "Warp.csharp.TestApp.Common\Warp.csharp.TestApp.Common.csproj", "{441CFA4C-9CE0-4D3E-8850-369A276BDD10}"
EndProject
Project("{9A19103F-16F7-4668-BE54-9A1E7A4F7556}") = "Tradency.Warp.SDK.csharp", "Tradency.Warp.SDK.csharp\Tradency.Warp.SDK.csharp.csproj", "{C237F105-106B-4867-B6AC-452B713752D6}"
EndProject
Project("{FAE04EC0-301F-11D3-BF4B-00C04F79EFBC}") = "Warp.csharp.TestApp.RequestReplyInitiator", "Warp.csharp.TestApp.RequestReplyInitiator\Warp.csharp.TestApp.RequestReplyInitiator.csproj", "{CF69D17B-803B-4634-96F5-D9942C6D68F6}"
EndProject
Project("{FAE04EC0-301F-11D3-BF4B-00C04F79EFBC}") = "Warp.csharp.TestApp.RequestReplyResponder", "Warp.csharp.TestApp.RequestReplyResponder\Warp.csharp.TestApp.RequestReplyResponder.csproj", "{DBB8800E-6C25-49E3-ADAD-90D9C990D226}"
EndProject
Global
	GlobalSection(SolutionConfigurationPlatforms) = preSolution
		Debug|Any CPU = Debug|Any CPU
		Release|Any CPU = Release|Any CPU
	EndGlobalSection
	GlobalSection(ProjectConfigurationPlatforms) = postSolution
		{D6761020-8AA6-47A1-A0BC-832CD40F18B0}.Debug|Any CPU.ActiveCfg = Debug|Any CPU
		{D6761020-8AA6-47A1-A0BC-832CD40F18B0}.Debug|Any CPU.Build.0 = Debug|Any CPU
		{D6761020-8AA6-47A1-A0BC-832CD40F18B0}.Release|Any CPU.ActiveCfg = Release|Any CPU
		{D6761020-8AA6-47A1-A0BC-832CD40F18B0}.Release|Any CPU.Build.0 = Release|Any CPU
		{143AE23B-3705-439A-B60D-E99127F07B77}.Debug|Any CPU.ActiveCfg = Debug|Any CPU
		{143AE23B-3705-439A-B60D-E99127F07B77}.Debug|Any CPU.Build.0 = Debug|Any CPU
		{143AE23B-3705-439A-B60D-E99127F07B77}.Release|Any CPU.ActiveCfg = Release|Any CPU
		{143AE23B-3705-439A-B60D-E99127F07B77}.Release|Any CPU.Build.0 = Release|Any CPU
		{441CFA4C-9CE0-4D3E-8850-369A276BDD10}.Debug|Any CPU.ActiveCfg = Debug|Any CPU
		{441CFA4C-9CE0-4D3E-8850-369A276BDD10}.Debug|Any CPU.Build.0 = Debug|Any CPU
		{441CFA4C-9CE0-4D3E-8850-369A276BDD10}.Release|Any CPU.ActiveCfg = Release|Any CPU
		{441CFA4C-9CE0-4D3E-8850-369A276BDD10}.Release|Any CPU.Build.0 = Release|Any CPU
		{C237F105-106B-4867-B6AC-452B713752D6}.Debug|Any CPU.ActiveCfg = Debug|Any CPU
		{C237F105-106B-4867-B6AC-452B713752D6}.Debug|Any CPU.Build.0 = Debug|Any CPU
		{C237F105-106B-4867-B6AC-452B713752D6}.Release|Any CPU.ActiveCfg = Release|Any CPU
		{C237F105-106B-4867-B6AC-452B713752D6}.Release|Any CPU.Build.0 = Release|Any CPU
		{CF69D17B-803B-4634-96F5-D9942C6D68F6}.Debug|Any CPU.ActiveCfg = Debug|Any CPU
		{CF69D17B-803B-4634-96F5-D9942C6D68F6}.Debug|Any CPU.Build.0 = Debug|Any CPU
		{CF69D17B-803B-4634-96F5-D9942C6D68F6}.Release|Any CPU.ActiveCfg = Release|Any CPU
		{CF69D17B-803B-4634-96F5-D9942C6D68F6}.Release|Any CPU.Build.0 = Release|Any CPU
		{DBB8800E-6C25-49E3-ADAD-90D9C990D226}.Debug|Any CPU.ActiveCfg = Debug|Any CPU
		{DBB8800E-6C25-49E3-ADAD-90D9C990D226}.Debug|Any CPU.Build.0 = Debug|Any CPU
		{DBB8800E-6C25-49E3-ADAD-90D9C990D226}.Release|Any CPU.ActiveCfg = Release|Any CPU
		{DBB8800E-6C25-49E3-ADAD-90D9C990D226}.Release|Any CPU.Build.0 = Release|Any CPU
	EndGlobalSection
	GlobalSection(SolutionProperties) = preSolution
		HideSolutionNode = FALSE
	EndGlobalSection
	GlobalSection(ExtensibilityGlobals) = postSolution
		SolutionGuid = {BBD39498-1EF2-4078-8704-67980A50B49B}
	EndGlobalSection
EndGlobal
